{
	"name": "shared_place",
	"version": "1.0.0",
	"lockfileVersion": 1,
	"requires": true,
	"dependencies": {
		"fullcalendar": {
			"version": "3.9.0",
			"resolved": "https://registry.npmjs.org/fullcalendar/-/fullcalendar-3.9.0.tgz",
			"integrity": "sha512-bbALDK8+SBqluv8SKPDeVNtaSr87NYblte/pRgV5NnDJWCEARpRlQ1qQ/XEakcAXbMZov6rWYIvLOrtKwQo2Bg==",
			"requires": {
				"jquery": "3.3.1",
				"moment": "2.24.0"
			}
		},
		"fullcalendar-scheduler": {
			"version": "1.9.4",
			"resolved": "https://registry.npmjs.org/fullcalendar-scheduler/-/fullcalendar-scheduler-1.9.4.tgz",
			"integrity": "sha512-QJ5p/qRnK+vuiNRTbsxKCytiCu2adUn1dSlRSlPSivR/FOUL4J5XQA/4o/h6YCpIMWnmLTXPOuyqBTbsG3ydyg==",
			"requires": {
				"fullcalendar": "3.9.0",
				"jquery": "3.3.1",
				"moment": "2.24.0"
			}
		},
		"jquery": {
			"version": "3.3.1",
			"resolved": "https://registry.npmjs.org/jquery/-/jquery-3.3.1.tgz",
			"integrity": "sha512-Ubldcmxp5np52/ENotGxlLe6aGMvmF4R8S6tZjsP6Knsaxd/xp3Zrh50cG93lR6nPXyUFwzN3ZSOQI0wRJNdGg=="
		},
		"moment": {
			"version": "2.24.0",
			"resolved": "https://registry.npmjs.org/moment/-/moment-2.24.0.tgz",
			"integrity": "sha512-bV7f+6l2QigeBBZSM/6yTNq4P2fNpSWj/0e7jQcy87A8e7o2nAfP/34/2ky5Vw4B9S446EtIhodAzkFCcR4dQg=="
		},
		"vue-js-modal": {
			"version": "1.3.28",
			"resolved": "https://registry.npmjs.org/vue-js-modal/-/vue-js-modal-1.3.28.tgz",
			"integrity": "sha512-ory5ymvMVDnyd/+i+DY4OZN1W8aS4gyPYwU8yvfhTc1sNTNEReBNd94MmBCOjJRihsaEl5daeWTKvsjujnqlsw=="
		}
	}
}
