# THIS IS AN AUTOGENERATED FILE. DO NOT EDIT THIS FILE DIRECTLY.
# yarn lockfile v1


babel-plugin-transform-runtime@^6.23.0:
  version "6.23.0"
  resolved "https://registry.yarnpkg.com/babel-plugin-transform-runtime/-/babel-plugin-transform-runtime-6.23.0.tgz#88490d446502ea9b8e7efb0fe09ec4d99479b1ee"
  integrity sha1-iEkNRGUC6puOfvsP4J7E2ZR5se4=
  dependencies:
    babel-runtime "^6.22.0"

babel-runtime@^6.22.0:
  version "6.26.0"
  resolved "https://registry.yarnpkg.com/babel-runtime/-/babel-runtime-6.26.0.tgz#965c7058668e82b55d7bfe04ff2337bc8b5647fe"
  integrity sha1-llxwWGaOgrVde/4E/yM3vItWR/4=
  dependencies:
    core-js "^2.4.0"
    regenerator-runtime "^0.11.0"

core-js@^2.4.0:
  version "2.6.3"
  resolved "https://registry.yarnpkg.com/core-js/-/core-js-2.6.3.tgz#4b70938bdffdaf64931e66e2db158f0892289c49"
  integrity sha512-l00tmFFZOBHtYhN4Cz7k32VM7vTn3rE2ANjQDxdEN6zmXZ/xq1jQuutnmHvMG1ZJ7xd72+TA5YpUK8wz3rWsfQ==

fullcalendar-scheduler@^1.9.4:
  version "1.9.4"
  resolved "https://registry.yarnpkg.com/fullcalendar-scheduler/-/fullcalendar-scheduler-1.9.4.tgz#15acc98aa0f2b80330b1e93cc768343404827b92"
  integrity sha512-QJ5p/qRnK+vuiNRTbsxKCytiCu2adUn1dSlRSlPSivR/FOUL4J5XQA/4o/h6YCpIMWnmLTXPOuyqBTbsG3ydyg==
  dependencies:
    fullcalendar "~3.9.0"
    jquery "2 - 3"
    moment "^2.20.1"

fullcalendar@^3.4.0:
  version "3.9.0"
  resolved "https://registry.yarnpkg.com/fullcalendar/-/fullcalendar-3.9.0.tgz#b608a9989f3416f0b1d526c6bdfeeaf2ac79eda5"
  integrity sha512-bbALDK8+SBqluv8SKPDeVNtaSr87NYblte/pRgV5NnDJWCEARpRlQ1qQ/XEakcAXbMZov6rWYIvLOrtKwQo2Bg==

fullcalendar@~3.9.0:
  version "3.9.0"
  resolved "https://registry.yarnpkg.com/fullcalendar/-/fullcalendar-3.9.0.tgz#b608a9989f3416f0b1d526c6bdfeeaf2ac79eda5"
  integrity sha512-bbALDK8+SBqluv8SKPDeVNtaSr87NYblte/pRgV5NnDJWCEARpRlQ1qQ/XEakcAXbMZov6rWYIvLOrtKwQo2Bg==
  dependencies:
    jquery "2 - 3"
    moment "^2.20.1"

"jquery@2 - 3":
  version "3.3.1"
  resolved "https://registry.yarnpkg.com/jquery/-/jquery-3.3.1.tgz#958ce29e81c9790f31be7792df5d4d95fc57fbca"
  integrity sha512-Ubldcmxp5np52/ENotGxlLe6aGMvmF4R8S6tZjsP6Knsaxd/xp3Zrh50cG93lR6nPXyUFwzN3ZSOQI0wRJNdGg==

lodash.defaultsdeep@^4.6.0:
  version "4.6.0"
  resolved "https://registry.yarnpkg.com/lodash.defaultsdeep/-/lodash.defaultsdeep-4.6.0.tgz#bec1024f85b1bd96cbea405b23c14ad6443a6f81"
  integrity sha1-vsECT4WxvZbL6kBbI8FK1kQ6b4E=

moment@^2.20.1, moment@^2.24.0:
  version "2.24.0"
  resolved "https://registry.yarnpkg.com/moment/-/moment-2.24.0.tgz#0d055d53f5052aa653c9f6eb68bb5d12bf5c2b5b"
  integrity sha512-bV7f+6l2QigeBBZSM/6yTNq4P2fNpSWj/0e7jQcy87A8e7o2nAfP/34/2ky5Vw4B9S446EtIhodAzkFCcR4dQg==

regenerator-runtime@^0.11.0:
  version "0.11.1"
  resolved "https://registry.yarnpkg.com/regenerator-runtime/-/regenerator-runtime-0.11.1.tgz#be05ad7f9bf7d22e056f9726cee5017fbf19e2e9"
  integrity sha512-MguG95oij0fC3QV3URf4V2SDYGJhJnJGqvIIgdECeODCT98wSWDAJ94SSuVpYQUoTcGUIL6L4yNB7j1DFFHSBg==

vue-full-calendar@^2.5.0:
  version "2.7.0"
  resolved "https://registry.yarnpkg.com/vue-full-calendar/-/vue-full-calendar-2.7.0.tgz#1963d6612b5459633e30763e7bdf1d6acc304883"
  integrity sha512-H6qrox4UwHXdIMuKeb9CjtbZFHYmL8AMU+DFtLbS4/qW3mqktNcKESqkduQfeu8+xw1szdatJsXLrBt3zbqZzA==
  dependencies:
    babel-plugin-transform-runtime "^6.23.0"
    fullcalendar "^3.4.0"
    lodash.defaultsdeep "^4.6.0"

vue-js-modal@^1.3.28:
  version "1.3.28"
  resolved "https://registry.yarnpkg.com/vue-js-modal/-/vue-js-modal-1.3.28.tgz#fc83d8884802b22d6eb2ba5f5c4f7ec33d71a766"
  integrity sha512-ory5ymvMVDnyd/+i+DY4OZN1W8aS4gyPYwU8yvfhTc1sNTNEReBNd94MmBCOjJRihsaEl5daeWTKvsjujnqlsw==
